
Microsoft Visual Studio Solution File, Format Version 12.00
# Visual Studio 15
VisualStudioVersion = 15.0.28307.136
MinimumVisualStudioVersion = 10.0.40219.1
Project("{FAE04EC0-301F-11D3-BF4B-00C04F79EFBC}") = "Indeksery", "Indeksery\Indeksery.csproj", "{99555564-DF46-438F-83FB-A119F7F9B19C}"
EndProject
Global
	GlobalSection(SolutionConfigurationPlatforms) = preSolution
		Debug|Any CPU = Debug|Any CPU
		Release|Any CPU = Release|Any CPU
	EndGlobalSection
	GlobalSection(ProjectConfigurationPlatforms) = postSolution
		{99555564-DF46-438F-83FB-A119F7F9B19C}.Debug|Any CPU.ActiveCfg = Debug|Any CPU
		{99555564-DF46-438F-83FB-A119F7F9B19C}.Debug|Any CPU.Build.0 = Debug|Any CPU
		{99555564-DF46-438F-83FB-A119F7F9B19C}.Release|Any CPU.ActiveCfg = Release|Any CPU
		{99555564-DF46-438F-83FB-A119F7F9B19C}.Release|Any CPU.Build.0 = Release|Any CPU
	EndGlobalSection
	GlobalSection(SolutionProperties) = preSolution
		HideSolutionNode = FALSE
	EndGlobalSection
	GlobalSection(ExtensibilityGlobals) = postSolution
		SolutionGuid = {D0ECADC8-C298-4CDE-8F93-B28CD31570E8}
	EndGlobalSection
EndGlobal
